
Microsoft Visual Studio Solution File, Format Version 12.00
# Visual Studio Version 16
VisualStudioVersion = 16.0.29102.190
MinimumVisualStudioVersion = 10.0.40219.1
Project("{2150E333-8FDC-42A3-9474-1A3956D46DE8}") = "src", "src", "{E413127E-136B-41ED-9CE7-FC013ED2EB1D}"
EndProject
Project("{2150E333-8FDC-42A3-9474-1A3956D46DE8}") = "tests", "tests", "{1ADD45D5-F9AA-49EF-997E-624FE3DF4CB6}"
EndProject
Project("{FAE04EC0-301F-11D3-BF4B-00C04F79EFBC}") = "SRQH.Domain", "SRQH.Domain\SRQH.Domain.csproj", "{9144C9BD-0B3C-4BE0-943B-B78961D7361E}"
EndProject
Project("{FAE04EC0-301F-11D3-BF4B-00C04F79EFBC}") = "SRQH.Service", "SRQH.Service\SRQH.Service.csproj", "{D45176E1-56B7-4EAB-BC86-E6A43AEAFA15}"
EndProject
Project("{FAE04EC0-301F-11D3-BF4B-00C04F79EFBC}") = "SRQH.Business", "SRQH.Business\SRQH.Business.csproj", "{724D4B69-E9A9-40E1-8667-18A955F3C769}"
EndProject
Project("{FAE04EC0-301F-11D3-BF4B-00C04F79EFBC}") = "SRQH.Aplication", "SRQH.Aplication\SRQH.Aplication.csproj", "{68670FC3-9AED-4728-865F-9AEBFF5A9E2B}"
EndProject
Project("{FAE04EC0-301F-11D3-BF4B-00C04F79EFBC}") = "SRQH.Repository", "SRQH.Repository\SRQH.Repository.csproj", "{78B7A0BE-118D-4659-98AF-1BDF6580DC7E}"
EndProject
Project("{FAE04EC0-301F-11D3-BF4B-00C04F79EFBC}") = "SRQH.Tests", "SRQH.Tests\SRQH.Tests.csproj", "{2C6DC48E-B840-44F3-9104-4BD8F71B9840}"
EndProject
Global
	GlobalSection(SolutionConfigurationPlatforms) = preSolution
		Debug|Any CPU = Debug|Any CPU
		Release|Any CPU = Release|Any CPU
	EndGlobalSection
	GlobalSection(ProjectConfigurationPlatforms) = postSolution
		{9144C9BD-0B3C-4BE0-943B-B78961D7361E}.Debug|Any CPU.ActiveCfg = Debug|Any CPU
		{9144C9BD-0B3C-4BE0-943B-B78961D7361E}.Debug|Any CPU.Build.0 = Debug|Any CPU
		{9144C9BD-0B3C-4BE0-943B-B78961D7361E}.Release|Any CPU.ActiveCfg = Release|Any CPU
		{9144C9BD-0B3C-4BE0-943B-B78961D7361E}.Release|Any CPU.Build.0 = Release|Any CPU
		{D45176E1-56B7-4EAB-BC86-E6A43AEAFA15}.Debug|Any CPU.ActiveCfg = Debug|Any CPU
		{D45176E1-56B7-4EAB-BC86-E6A43AEAFA15}.Debug|Any CPU.Build.0 = Debug|Any CPU
		{D45176E1-56B7-4EAB-BC86-E6A43AEAFA15}.Release|Any CPU.ActiveCfg = Release|Any CPU
		{D45176E1-56B7-4EAB-BC86-E6A43AEAFA15}.Release|Any CPU.Build.0 = Release|Any CPU
		{724D4B69-E9A9-40E1-8667-18A955F3C769}.Debug|Any CPU.ActiveCfg = Debug|Any CPU
		{724D4B69-E9A9-40E1-8667-18A955F3C769}.Debug|Any CPU.Build.0 = Debug|Any CPU
		{724D4B69-E9A9-40E1-8667-18A955F3C769}.Release|Any CPU.ActiveCfg = Release|Any CPU
		{724D4B69-E9A9-40E1-8667-18A955F3C769}.Release|Any CPU.Build.0 = Release|Any CPU
		{68670FC3-9AED-4728-865F-9AEBFF5A9E2B}.Debug|Any CPU.ActiveCfg = Debug|Any CPU
		{68670FC3-9AED-4728-865F-9AEBFF5A9E2B}.Debug|Any CPU.Build.0 = Debug|Any CPU
		{68670FC3-9AED-4728-865F-9AEBFF5A9E2B}.Release|Any CPU.ActiveCfg = Release|Any CPU
		{68670FC3-9AED-4728-865F-9AEBFF5A9E2B}.Release|Any CPU.Build.0 = Release|Any CPU
		{78B7A0BE-118D-4659-98AF-1BDF6580DC7E}.Debug|Any CPU.ActiveCfg = Debug|Any CPU
		{78B7A0BE-118D-4659-98AF-1BDF6580DC7E}.Debug|Any CPU.Build.0 = Debug|Any CPU
		{78B7A0BE-118D-4659-98AF-1BDF6580DC7E}.Release|Any CPU.ActiveCfg = Release|Any CPU
		{78B7A0BE-118D-4659-98AF-1BDF6580DC7E}.Release|Any CPU.Build.0 = Release|Any CPU
		{2C6DC48E-B840-44F3-9104-4BD8F71B9840}.Debug|Any CPU.ActiveCfg = Debug|Any CPU
		{2C6DC48E-B840-44F3-9104-4BD8F71B9840}.Debug|Any CPU.Build.0 = Debug|Any CPU
		{2C6DC48E-B840-44F3-9104-4BD8F71B9840}.Release|Any CPU.ActiveCfg = Release|Any CPU
		{2C6DC48E-B840-44F3-9104-4BD8F71B9840}.Release|Any CPU.Build.0 = Release|Any CPU
	EndGlobalSection
	GlobalSection(SolutionProperties) = preSolution
		HideSolutionNode = FALSE
	EndGlobalSection
	GlobalSection(NestedProjects) = preSolution
		{9144C9BD-0B3C-4BE0-943B-B78961D7361E} = {E413127E-136B-41ED-9CE7-FC013ED2EB1D}
		{D45176E1-56B7-4EAB-BC86-E6A43AEAFA15} = {E413127E-136B-41ED-9CE7-FC013ED2EB1D}
		{724D4B69-E9A9-40E1-8667-18A955F3C769} = {E413127E-136B-41ED-9CE7-FC013ED2EB1D}
		{68670FC3-9AED-4728-865F-9AEBFF5A9E2B} = {E413127E-136B-41ED-9CE7-FC013ED2EB1D}
		{78B7A0BE-118D-4659-98AF-1BDF6580DC7E} = {E413127E-136B-41ED-9CE7-FC013ED2EB1D}
		{2C6DC48E-B840-44F3-9104-4BD8F71B9840} = {1ADD45D5-F9AA-49EF-997E-624FE3DF4CB6}
	EndGlobalSection
	GlobalSection(ExtensibilityGlobals) = postSolution
		SolutionGuid = {16899C9D-35AD-44C9-9EF8-E9541CD046A7}
	EndGlobalSection
EndGlobal
